{
  "nodes": {
    "agenix": {
      "inputs": {
        "darwin": [
          "nixos",
          "darwin"
        ],
        "home-manager": [
          "nixos",
          "home-manager"
        ],
        "nixpkgs": [
          "nixos",
          "nixpkgs"
        ],
        "systems": "systems_2"
      },
      "locked": {
        "lastModified": 1770165109,
        "narHash": "sha256-9VnK6Oqai65puVJ4WYtCTvlJeXxMzAp/69HhQuTdl/I=",
        "owner": "ryantm",
        "repo": "agenix",
        "rev": "b027ee29d959fda4b60b57566d64c98a202e0feb",
        "type": "github"
      },
      "original": {
        "owner": "ryantm",
        "repo": "agenix",
        "type": "github"
      }
    },
    "catppuccin": {
      "inputs": {
        "nixpkgs": "nixpkgs_2"
      },
      "locked": {
        "lastModified": 1781857425,
        "narHash": "sha256-YhFPbCmdGis/4hwwt/ls4IZ8FR159EULbxWvv6U15+I=",
        "owner": "catppuccin",
        "repo": "nix",
        "rev": "8b943da8a0f8628f3446d2517ea39babcfaf27f3",
        "type": "github"
      },
      "original": {
        "owner": "catppuccin",
        "repo": "nix",
        "type": "github"
      }
    },
    "coptic-font-conversion": {
      "inputs": {
        "nixpkgs": [
          "nixos",
          "nixpkgs"
        ]
      },
      "locked": {
        "lastModified": 1776474836,
        "narHash": "sha256-VooQgbrmsnTYjlDC2qpBDAfiAmoCGDMLfoOwzLQ2P/o=",
        "owner": "kero0",
        "repo": "coptic-font-conversion",
        "rev": "0fc5ca81e3ff00ad82cbd1f87028fb89d9af23d6",
        "type": "github"
      },
      "original": {
        "owner": "kero0",
        "repo": "coptic-font-conversion",
        "type": "github"
      }
    },
    "crane": {
      "locked": {
        "lastModified": 1780532242,
        "narHash": "sha256-D+BsdpxmtUwtqGoY0IXPhHgTlmqgcZKCEo1oMyn7ep0=",
        "owner": "ipetkov",
        "repo": "crane",
        "rev": "59a82a1222dd3b2080b5cc52a1a2e8d5f1b77f37",
        "type": "github"
      },
      "original": {
        "owner": "ipetkov",
        "repo": "crane",
        "type": "github"
      }
    },
    "darwin": {
      "inputs": {
        "nixpkgs": [
          "nixos",
          "nixpkgs"
        ]
      },
      "locked": {
        "lastModified": 1781761792,
        "narHash": "sha256-rCPytmKNjctLloB6UgK5CRrHSwV4b0ygxtJLPPp8R14=",
        "owner": "LnL7",
        "repo": "nix-darwin",
        "rev": "a1fa429e945becaf60468600daf649be4ba0350c",
        "type": "github"
      },
      "original": {
        "owner": "LnL7",
        "repo": "nix-darwin",
        "type": "github"
      }
    },
    "deploy-rs": {
      "inputs": {
        "flake-compat": "flake-compat",
        "nixpkgs": "nixpkgs",
        "utils": "utils"
      },
      "locked": {
        "lastModified": 1781627888,
        "narHash": "sha256-5yHuAh9k7rT7rtf3uRaXkiUyYvQE9oaCgzhprLm2mr8=",
        "owner": "serokell",
        "repo": "deploy-rs",
        "rev": "6d3087eedff75a715b40c0e124ba15d2dd7bec28",
        "type": "github"
      },
      "original": {
        "owner": "serokell",
        "repo": "deploy-rs",
        "type": "github"
      }
    },
    "disko": {
      "inputs": {
        "nixpkgs": [
          "nixos",
          "nixpkgs"
        ]
      },
      "locked": {
        "lastModified": 1781152676,
        "narHash": "sha256-RxWs5ND31KzTG7wvMM+PMfUjyNpmIEr999lqNARaM5o=",
        "owner": "nix-community",
        "repo": "disko",
        "rev": "ff8702b4de27f72b4c78573dfb89ec74e36abdf1",
        "type": "github"
      },
      "original": {
        "owner": "nix-community",
        "repo": "disko",
        "type": "github"
      }
    },
    "emacs": {
      "inputs": {
        "emacs-overlay": "emacs-overlay",
        "git-hooks": "git-hooks",
        "nixpkgs": "nixpkgs_4",
        "packages-eglot-booster": "packages-eglot-booster",
        "packages-logview": "packages-logview",
        "packages-ox-chameleon": "packages-ox-chameleon"
      },
      "locked": {
        "lastModified": 1781777598,
        "narHash": "sha256-5TYoYGjVGw5tgBDFCu66Khb14/jUz6/plLm3EHrxSJg=",
        "owner": "kero0",
        "repo": "emacs",
        "rev": "3855d912dfc2daca80a6e4683def2ee1daf5c5db",
        "type": "github"
      },
      "original": {
        "owner": "kero0",
        "repo": "emacs",
        "type": "github"
      }
    },
    "emacs-overlay": {
      "inputs": {
        "nixpkgs": "nixpkgs_3",
        "nixpkgs-stable": "nixpkgs-stable"
      },
      "locked": {
        "lastModified": 1781757484,
        "narHash": "sha256-HyqwTvPNhuR2ZNoHhkMQ+Tk22u9+g3EUxMAW3kK43HA=",
        "owner": "nix-community",
        "repo": "emacs-overlay",
        "rev": "cb3beb2e3882334176dbb38b9f38944d49f46099",
        "type": "github"
      },
      "original": {
        "owner": "nix-community",
        "repo": "emacs-overlay",
        "type": "github"
      }
    },
    "flake-compat": {
      "flake": false,
      "locked": {
        "lastModified": 1733328505,
        "narHash": "sha256-NeCCThCEP3eCl2l/+27kNNK7QrwZB1IJCrXfrbv5oqU=",
        "owner": "edolstra",
        "repo": "flake-compat",
        "rev": "ff81ac966bb2cae68946d5ed5fc4994f96d0ffec",
        "type": "github"
      },
      "original": {
        "owner": "edolstra",
        "repo": "flake-compat",
        "type": "github"
      }
    },
    "flake-compat_2": {
      "flake": false,
      "locked": {
        "lastModified": 1767039857,
        "narHash": "sha256-vNpUSpF5Nuw8xvDLj2KCwwksIbjua2LZCqhV1LNRDns=",
        "owner": "NixOS",
        "repo": "flake-compat",
        "rev": "5edf11c44bc78a0d334f6334cdaf7d60d732daab",
        "type": "github"
      },
      "original": {
        "owner": "NixOS",
        "repo": "flake-compat",
        "type": "github"
      }
    },
    "flake-compat_3": {
      "flake": false,
      "locked": {
        "lastModified": 1767039857,
        "narHash": "sha256-vNpUSpF5Nuw8xvDLj2KCwwksIbjua2LZCqhV1LNRDns=",
        "owner": "NixOS",
        "repo": "flake-compat",
        "rev": "5edf11c44bc78a0d334f6334cdaf7d60d732daab",
        "type": "github"
      },
      "original": {
        "owner": "NixOS",
        "repo": "flake-compat",
        "type": "github"
      }
    },
    "flake-compat_4": {
      "flake": false,
      "locked": {
        "lastModified": 1767039857,
        "narHash": "sha256-vNpUSpF5Nuw8xvDLj2KCwwksIbjua2LZCqhV1LNRDns=",
        "owner": "NixOS",
        "repo": "flake-compat",
        "rev": "5edf11c44bc78a0d334f6334cdaf7d60d732daab",
        "type": "github"
      },
      "original": {
        "owner": "NixOS",
        "repo": "flake-compat",
        "type": "github"
      }
    },
    "git-hooks": {
      "inputs": {
        "flake-compat": "flake-compat_2",
        "gitignore": "gitignore",
        "nixpkgs": [
          "nixos",
          "emacs",
          "nixpkgs"
        ]
      },
      "locked": {
        "lastModified": 1781733627,
        "narHash": "sha256-U3yTuGBnmXvXoQI3qkpfEDsn9RovQPAjN7ndRco+3u0=",
        "owner": "cachix",
        "repo": "git-hooks.nix",
        "rev": "3bbec39bc90eadfa031e6f3b77272f3f60803e39",
        "type": "github"
      },
      "original": {
        "owner": "cachix",
        "repo": "git-hooks.nix",
        "type": "github"
      }
    },
    "git-hooks_2": {
      "inputs": {
        "flake-compat": "flake-compat_3",
        "gitignore": "gitignore_2",
        "nixpkgs": [
          "nixos",
          "nixpkgs"
        ]
      },
      "locked": {
        "lastModified": 1781733627,
        "narHash": "sha256-U3yTuGBnmXvXoQI3qkpfEDsn9RovQPAjN7ndRco+3u0=",
        "owner": "cachix",
        "repo": "git-hooks.nix",
        "rev": "3bbec39bc90eadfa031e6f3b77272f3f60803e39",
        "type": "github"
      },
      "original": {
        "owner": "cachix",
        "repo": "git-hooks.nix",
        "type": "github"
      }
    },
    "gitignore": {
      "inputs": {
        "nixpkgs": [
          "nixos",
          "emacs",
          "git-hooks",
          "nixpkgs"
        ]
      },
      "locked": {
        "lastModified": 1709087332,
        "narHash": "sha256-HG2cCnktfHsKV0s4XW83gU3F57gaTljL9KNSuG6bnQs=",
        "owner": "hercules-ci",
        "repo": "gitignore.nix",
        "rev": "637db329424fd7e46cf4185293b9cc8c88c95394",
        "type": "github"
      },
      "original": {
        "owner": "hercules-ci",
        "repo": "gitignore.nix",
        "type": "github"
      }
    },
    "gitignore_2": {
      "inputs": {
        "nixpkgs": [
          "nixos",
          "git-hooks",
          "nixpkgs"
        ]
      },
      "locked": {
        "lastModified": 1709087332,
        "narHash": "sha256-HG2cCnktfHsKV0s4XW83gU3F57gaTljL9KNSuG6bnQs=",
        "owner": "hercules-ci",
        "repo": "gitignore.nix",
        "rev": "637db329424fd7e46cf4185293b9cc8c88c95394",
        "type": "github"
      },
      "original": {
        "owner": "hercules-ci",
        "repo": "gitignore.nix",
        "type": "github"
      }
    },
    "gitignore_3": {
      "inputs": {
        "nixpkgs": [
          "nixos",
          "lanzaboote",
          "pre-commit",
          "nixpkgs"
        ]
      },
      "locked": {
        "lastModified": 1709087332,
        "narHash": "sha256-HG2cCnktfHsKV0s4XW83gU3F57gaTljL9KNSuG6bnQs=",
        "owner": "hercules-ci",
        "repo": "gitignore.nix",
        "rev": "637db329424fd7e46cf4185293b9cc8c88c95394",
        "type": "github"
      },
      "original": {
        "owner": "hercules-ci",
        "repo": "gitignore.nix",
        "type": "github"
      }
    },
    "home-manager": {
      "inputs": {
        "nixpkgs": [
          "nixos",
          "nixpkgs"
        ]
      },
      "locked": {
        "lastModified": 1781906751,
        "narHash": "sha256-6Ld1PqmptFtFKblE+SynhRgyBApUWcmrISetWqWHeeo=",
        "owner": "nix-community",
        "repo": "home-manager",
        "rev": "37f21dfa5d27e71b75bacd9418b156f9265e312e",
        "type": "github"
      },
      "original": {
        "owner": "nix-community",
        "repo": "home-manager",
        "type": "github"
      }
    },
    "jdf": {
      "flake": false,
      "locked": {
        "lastModified": 1657068690,
        "narHash": "sha256-uJKgo8ZQDGlc+hgVVkmVvW+XPyf/St8lxPjQBaY9egI=",
        "owner": "iamjakewarner",
        "repo": "jdf",
        "rev": "4456167bfec748fcf4bede166df7b9c5a2e56a6b",
        "type": "github"
      },
      "original": {
        "owner": "iamjakewarner",
        "repo": "jdf",
        "type": "github"
      }
    },
    "lanzaboote": {
      "inputs": {
        "crane": "crane",
        "nixpkgs": [
          "nixos",
          "nixpkgs"
        ],
        "pre-commit": "pre-commit",
        "rust-overlay": "rust-overlay"
      },
      "locked": {
        "lastModified": 1781649287,
        "narHash": "sha256-ycG9a7svaV/zF9G03waY7BqUcNQn2HODMN/lXy3C7Zc=",
        "owner": "nix-community",
        "repo": "lanzaboote",
        "rev": "001e560fffc8f0235e9db20ebeb4ccde0ade1caf",
        "type": "github"
      },
      "original": {
        "owner": "nix-community",
        "repo": "lanzaboote",
        "type": "github"
      }
    },
    "nix-index-database": {
      "inputs": {
        "nixpkgs": [
          "nixos",
          "nixpkgs"
        ]
      },
      "locked": {
        "lastModified": 1781422160,
        "narHash": "sha256-W7S8O86bVrw2gaomEwkHStOzmPpnFIHQ6lS4Q2HffJ0=",
        "owner": "nix-community",
        "repo": "nix-index-database",
        "rev": "854d04e2368fb2e9c328a36b3c0a04cd713bfae1",
        "type": "github"
      },
      "original": {
        "owner": "nix-community",
        "repo": "nix-index-database",
        "type": "github"
      }
    },
    "nixos": {
      "inputs": {
        "agenix": "agenix",
        "catppuccin": "catppuccin",
        "coptic-font-conversion": "coptic-font-conversion",
        "darwin": "darwin",
        "disko": "disko",
        "emacs": "emacs",
        "git-hooks": "git-hooks_2",
        "home-manager": "home-manager",
        "jdf": "jdf",
        "lanzaboote": "lanzaboote",
        "nix-index-database": "nix-index-database",
        "nixos-hardware": "nixos-hardware",
        "nixpkgs": [
          "nixpkgs"
        ],
        "tmux-ssh-split": "tmux-ssh-split"
      },
      "locked": {
        "lastModified": 1781914717,
        "narHash": "sha256-ccbNX8e0vIwvv1sj5mkoVCs7yOp8bdiycFhl5j3Ubh4=",
        "owner": "kero0",
        "repo": "nixos",
        "rev": "922f4489ec242a2701fbc0662bd8154a93ac121a",
        "type": "github"
      },
      "original": {
        "owner": "kero0",
        "repo": "nixos",
        "type": "github"
      }
    },
    "nixos-hardware": {
      "inputs": {
        "nixpkgs": "nixpkgs_5"
      },
      "locked": {
        "lastModified": 1781622756,
        "narHash": "sha256-JrPh4M6S7aPsEE9tOENuZrxC6o2szSLlK+t4+nLke9s=",
        "owner": "NixOS",
        "repo": "nixos-hardware",
        "rev": "08018c72174a4df5657f8d94178ac69fb9c243e5",
        "type": "github"
      },
      "original": {
        "owner": "NixOS",
        "repo": "nixos-hardware",
        "type": "github"
      }
    },
    "nixpkgs": {
      "locked": {
        "lastModified": 1743014863,
        "narHash": "sha256-jAIUqsiN2r3hCuHji80U7NNEafpIMBXiwKlSrjWMlpg=",
        "owner": "NixOS",
        "repo": "nixpkgs",
        "rev": "bd3bac8bfb542dbde7ffffb6987a1a1f9d41699f",
        "type": "github"
      },
      "original": {
        "owner": "NixOS",
        "ref": "nixpkgs-unstable",
        "repo": "nixpkgs",
        "type": "github"
      }
    },
    "nixpkgs-stable": {
      "locked": {
        "lastModified": 1781216227,
        "narHash": "sha256-9mUW6gNwoN2SWc/l0fW4svPNOulXLl8ijqKyeSOGgJE=",
        "owner": "NixOS",
        "repo": "nixpkgs",
        "rev": "a0374025a863d007d98e3297f6aa46cc3141c2f0",
        "type": "github"
      },
      "original": {
        "owner": "NixOS",
        "ref": "nixos-26.05",
        "repo": "nixpkgs",
        "type": "github"
      }
    },
    "nixpkgs_2": {
      "locked": {
        "lastModified": 1781607440,
        "narHash": "sha256-eM+l4TVD26SNoEjcxRcpispqZi5Qrqj/G0ZY4LfqwfM=",
        "rev": "3e41b24abd260e8f71dbe2f5737d24122f972158",
        "type": "tarball",
        "url": "https://releases.nixos.org/nixpkgs/nixpkgs-26.11pre1017567.3e41b24abd26/nixexprs.tar.xz"
      },
      "original": {
        "type": "tarball",
        "url": "https://channels.nixos.org/nixpkgs-unstable/nixexprs.tar.xz"
      }
    },
    "nixpkgs_3": {
      "locked": {
        "lastModified": 1781577229,
        "narHash": "sha256-lrp67w8AulE9Ks53n27I45ADSzbOCn4H+CNW1Ck8B+8=",
        "owner": "NixOS",
        "repo": "nixpkgs",
        "rev": "567a49d1913ce81ac6e9582e3553dd90a955875f",
        "type": "github"
      },
      "original": {
        "owner": "NixOS",
        "ref": "nixos-unstable",
        "repo": "nixpkgs",
        "type": "github"
      }
    },
    "nixpkgs_4": {
      "locked": {
        "lastModified": 1781607440,
        "narHash": "sha256-rxO+uc/KFbSJp+pgyXRuAX6QlG9hJdnt0BXpEQRXY+U=",
        "owner": "NixOS",
        "repo": "nixpkgs",
        "rev": "3e41b24abd260e8f71dbe2f5737d24122f972158",
        "type": "github"
      },
      "original": {
        "owner": "NixOS",
        "ref": "nixpkgs-unstable",
        "repo": "nixpkgs",
        "type": "github"
      }
    },
    "nixpkgs_5": {
      "locked": {
        "lastModified": 1767892417,
        "narHash": "sha256-8bW3q88CEg2u4hSP66Vf4lpbLonHz7hqDNBMcCY7E9U=",
        "rev": "3497aa5c9457a9d88d71fa93a4a8368816fbeeba",
        "type": "tarball",
        "url": "https://releases.nixos.org/nixos/unstable/nixos-26.05pre924538.3497aa5c9457/nixexprs.tar.xz"
      },
      "original": {
        "type": "tarball",
        "url": "https://channels.nixos.org/nixos-unstable/nixexprs.tar.xz"
      }
    },
    "nixpkgs_6": {
      "locked": {
        "lastModified": 1782224883,
        "narHash": "sha256-I/kt/k5d9RJFZQS2EpRrcQC2LP+nw5yskl6y8eojNKE=",
        "owner": "NixOS",
        "repo": "nixpkgs",
        "rev": "2556308ee7f20558bc87a6eaab288bcf6a8555b3",
        "type": "github"
      },
      "original": {
        "owner": "NixOS",
        "repo": "nixpkgs",
        "type": "github"
      }
    },
    "packages-eglot-booster": {
      "flake": false,
      "locked": {
        "lastModified": 1752690112,
        "narHash": "sha256-xUBQrQpw+JZxcqT1fy/8C2tjKwa7sLFHXamBm45Fa4Y=",
        "owner": "jdtsmith",
        "repo": "eglot-booster",
        "rev": "cab7803c4f0adc7fff9da6680f90110674bb7a22",
        "type": "github"
      },
      "original": {
        "owner": "jdtsmith",
        "repo": "eglot-booster",
        "type": "github"
      }
    },
    "packages-logview": {
      "flake": false,
      "locked": {
        "lastModified": 1771445602,
        "narHash": "sha256-85yVGP2Q5+gJoXm17EHRtTqHGaKcMMH5Q6uPA7fiaSc=",
        "owner": "doublep",
        "repo": "logview",
        "rev": "b74cc5c24de325da80bb07ea3b2e7e0afcddb24a",
        "type": "github"
      },
      "original": {
        "owner": "doublep",
        "ref": "android-mode",
        "repo": "logview",
        "type": "github"
      }
    },
    "packages-ox-chameleon": {
      "flake": false,
      "locked": {
        "lastModified": 1713693072,
        "narHash": "sha256-I4tvI1vJLqngoPP2wNVmg8hY7VG9Pxp8AUAyAUYQcKU=",
        "owner": "tecosaur",
        "repo": "ox-chameleon",
        "rev": "d52696836cee30eb911a57a640aee16d8fd4c015",
        "type": "github"
      },
      "original": {
        "owner": "tecosaur",
        "repo": "ox-chameleon",
        "type": "github"
      }
    },
    "pre-commit": {
      "inputs": {
        "flake-compat": "flake-compat_4",
        "gitignore": "gitignore_3",
        "nixpkgs": [
          "nixos",
          "lanzaboote",
          "nixpkgs"
        ]
      },
      "locked": {
        "lastModified": 1778507602,
        "narHash": "sha256-kTwur1wV+01SdqskVMSo6JMEpg71ps3HpbFY2GsflKs=",
        "owner": "cachix",
        "repo": "pre-commit-hooks.nix",
        "rev": "61ab0e80d9c7ab14c256b5b453d8b3fb0189ba0a",
        "type": "github"
      },
      "original": {
        "owner": "cachix",
        "repo": "pre-commit-hooks.nix",
        "type": "github"
      }
    },
    "quadlet-nix": {
      "locked": {
        "lastModified": 1782004439,
        "narHash": "sha256-OANOcPKJ3JThp2x/ccz4DDrGDY2hIgM5SBLI51swgfI=",
        "owner": "SEIAROTg",
        "repo": "quadlet-nix",
        "rev": "f1652b490b812c4e0b2a36565cdbedf87f35e438",
        "type": "github"
      },
      "original": {
        "owner": "SEIAROTg",
        "repo": "quadlet-nix",
        "type": "github"
      }
    },
    "root": {
      "inputs": {
        "deploy-rs": "deploy-rs",
        "nixos": "nixos",
        "nixpkgs": "nixpkgs_6",
        "quadlet-nix": "quadlet-nix"
      }
    },
    "rust-overlay": {
      "inputs": {
        "nixpkgs": [
          "nixos",
          "lanzaboote",
          "nixpkgs"
        ]
      },
      "locked": {
        "lastModified": 1781407245,
        "narHash": "sha256-VzJq4MmD0uyNDAceudSe1hHqcQMe9Tau0U4S+5iRGh0=",
        "owner": "oxalica",
        "repo": "rust-overlay",
        "rev": "d5f483210eb016d66102eef22baa128b3b3233fc",
        "type": "github"
      },
      "original": {
        "owner": "oxalica",
        "repo": "rust-overlay",
        "type": "github"
      }
    },
    "systems": {
      "locked": {
        "lastModified": 1681028828,
        "narHash": "sha256-Vy1rq5AaRuLzOxct8nz4T6wlgyUR7zLU309k9mBC768=",
        "owner": "nix-systems",
        "repo": "default",
        "rev": "da67096a3b9bf56a91d16901293e51ba5b49a27e",
        "type": "github"
      },
      "original": {
        "owner": "nix-systems",
        "repo": "default",
        "type": "github"
      }
    },
    "systems_2": {
      "locked": {
        "lastModified": 1681028828,
        "narHash": "sha256-Vy1rq5AaRuLzOxct8nz4T6wlgyUR7zLU309k9mBC768=",
        "owner": "nix-systems",
        "repo": "default",
        "rev": "da67096a3b9bf56a91d16901293e51ba5b49a27e",
        "type": "github"
      },
      "original": {
        "owner": "nix-systems",
        "repo": "default",
        "type": "github"
      }
    },
    "tmux-ssh-split": {
      "flake": false,
      "locked": {
        "lastModified": 1773127677,
        "narHash": "sha256-v/8Jo62tisVMqmgTge/nZtFBgFHQxIt/wGCZ48znUIk=",
        "owner": "pschmitt",
        "repo": "tmux-ssh-split",
        "rev": "cf4577613a49736a5bc17e5ae01112ff42ee53c4",
        "type": "github"
      },
      "original": {
        "owner": "pschmitt",
        "repo": "tmux-ssh-split",
        "type": "github"
      }
    },
    "utils": {
      "inputs": {
        "systems": "systems"
      },
      "locked": {
        "lastModified": 1731533236,
        "narHash": "sha256-l0KFg5HjrsfsO/JpG+r7fRrqm12kzFHyUHqHCVpMMbI=",
        "owner": "numtide",
        "repo": "flake-utils",
        "rev": "11707dc2f618dd54ca8739b309ec4fc024de578b",
        "type": "github"
      },
      "original": {
        "owner": "numtide",
        "repo": "flake-utils",
        "type": "github"
      }
    }
  },
  "root": "root",
  "version": 7
}
