name: Update Lockfile
on:
  workflow_dispatch:
  schedule:
    - cron: "0 1 1 * *"
jobs:
  lockfile-update:
    runs-on: ubuntu-latest
    steps:
      - name: Checkout repository
        uses: actions/checkout@v4
        with:
          ssh-key: ${{ secrets.SSH_PRIVATE_KEY }}
      - name: Install Nix
        uses: DeterminateSystems/nix-installer-action@v19
        with:
          extra-conf: |
            extra-experimental-features = flakes nix-command recursive-nix pipe-operators
      - name: Update flake.lock
        id: update
        uses: DeterminateSystems/update-flake-lock@v23
      - name: Print PR number
        run: echo Pull request number is ${{ steps.update.outputs.pull-request-number }}.
      - name: Enable auto merge created PR
        env:
          GH_TOKEN: ${{ github.token }}
        run: gh pr merge --auto --squash ${{ steps.update.outputs.pull-request-number }}
